
Microsoft Visual Studio Solution File, Format Version 12.00
# Visual Studio 15
VisualStudioVersion = 15.0.27703.2000
MinimumVisualStudioVersion = 10.0.40219.1
Project("{FAE04EC0-301F-11D3-BF4B-00C04F79EFBC}") = "ToolbarOfFunctions", "ToolbarOfFunctions\ToolbarOfFunctions.csproj", "{2B9D6A6D-47D7-43BB-8606-9BF145BF35A8}"
EndProject
Global
	GlobalSection(SolutionConfigurationPlatforms) = preSolution
		Debug|Any CPU = Debug|Any CPU
		Release|Any CPU = Release|Any CPU
	EndGlobalSection
	GlobalSection(ProjectConfigurationPlatforms) = postSolution
		{2B9D6A6D-47D7-43BB-8606-9BF145BF35A8}.Debug|Any CPU.ActiveCfg = Debug|Any CPU
		{2B9D6A6D-47D7-43BB-8606-9BF145BF35A8}.Debug|Any CPU.Build.0 = Debug|Any CPU
		{2B9D6A6D-47D7-43BB-8606-9BF145BF35A8}.Release|Any CPU.ActiveCfg = Release|Any CPU
		{2B9D6A6D-47D7-43BB-8606-9BF145BF35A8}.Release|Any CPU.Build.0 = Release|Any CPU
	EndGlobalSection
	GlobalSection(SolutionProperties) = preSolution
		HideSolutionNode = FALSE
	EndGlobalSection
	GlobalSection(ExtensibilityGlobals) = postSolution
		SolutionGuid = {D84F80E4-D691-4964-B3DB-4EC4F7A3D66C}
	EndGlobalSection
EndGlobal
